// !$*UTF8*$!
{
	archiveVersion = 1;
	classes = {
	};
	objectVersion = 46;
	objects = {

/* Begin PBXBuildFile section */
		EBCF098519A42AFD004FC5D8 /* Foundation.framework in Frameworks */ = {isa = PBXBuildFile; fileRef = EBCF098419A42AFD004FC5D8 /* Foundation.framework */; };
		EBCF098719A42AFD004FC5D8 /* CoreGraphics.framework in Frameworks */ = {isa = PBXBuildFile; fileRef = EBCF098619A42AFD004FC5D8 /* CoreGraphics.framework */; };
		EBCF098919A42AFD004FC5D8 /* UIKit.framework in Frameworks */ = {isa = PBXBuildFile; fileRef = EBCF098819A42AFD004FC5D8 /* UIKit.framework */; };
		EBCF098F19A42AFD004FC5D8 /* InfoPlist.strings in Resources */ = {isa = PBXBuildFile; fileRef = EBCF098D19A42AFD004FC5D8 /* InfoPlist.strings */; };
		EBCF099119A42AFD004FC5D8 /* main.m in Sources */ = {isa = PBXBuildFile; fileRef = EBCF099019A42AFD004FC5D8 /* main.m */; };
		EBCF099519A42AFD004FC5D8 /* MainAppDelegate.m in Sources */ = {isa = PBXBuildFile; fileRef = EBCF099419A42AFD004FC5D8 /* MainAppDelegate.m */; };
		EBCF099819A42AFD004FC5D8 /* Main.storyboard in Resources */ = {isa = PBXBuildFile; fileRef = EBCF099619A42AFD004FC5D8 /* Main.storyboard */; };
		EBCF099B19A42AFD004FC5D8 /* MainViewController.m in Sources */ = {isa = PBXBuildFile; fileRef = EBCF099A19A42AFD004FC5D8 /* MainViewController.m */; };
		EBCF099D19A42AFD004FC5D8 /* Images.xcassets in Resources */ = {isa = PBXBuildFile; fileRef = EBCF099C19A42AFD004FC5D8 /* Images.xcassets */; };
		EBCF09A419A42AFD004FC5D8 /* XCTest.framework in Frameworks */ = {isa = PBXBuildFile; fileRef = EBCF09A319A42AFD004FC5D8 /* XCTest.framework */; };
		EBCF09A519A42AFD004FC5D8 /* Foundation.framework in Frameworks */ = {isa = PBXBuildFile; fileRef = EBCF098419A42AFD004FC5D8 /* Foundation.framework */; };
		EBCF09A619A42AFD004FC5D8 /* UIKit.framework in Frameworks */ = {isa = PBXBuildFile; fileRef = EBCF098819A42AFD004FC5D8 /* UIKit.framework */; };
		EBCF09AE19A42AFD004FC5D8 /* InfoPlist.strings in Resources */ = {isa = PBXBuildFile; fileRef = EBCF09AC19A42AFD004FC5D8 /* InfoPlist.strings */; };
		EBCF09B019A42AFD004FC5D8 /* SuccessTests.m in Sources */ = {isa = PBXBuildFile; fileRef = EBCF09AF19A42AFD004FC5D8 /* SuccessTests.m */; };
/* End PBXBuildFile section */

/* Begin PBXContainerItemProxy section */
		EBCF09A719A42AFD004FC5D8 /* PBXContainerItemProxy */ = {
			isa = PBXContainerItemProxy;
			containerPortal = EBCF097919A42AFD004FC5D8 /* Project object */;
			proxyType = 1;
			remoteGlobalIDString = EBCF098019A42AFD004FC5D8;
			remoteInfo = Success;
		};
/* End PBXContainerItemProxy section */

/* Begin PBXFileReference section */
		EBCF098119A42AFD004FC5D8 /* Success.app */ = {isa = PBXFileReference; explicitFileType = wrapper.application; includeInIndex = 0; path = Success.app; sourceTree = BUILT_PRODUCTS_DIR; };
		EBCF098419A42AFD004FC5D8 /* Foundation.framework */ = {isa = PBXFileReference; lastKnownFileType = wrapper.framework; name = Foundation.framework; path = System/Library/Frameworks/Foundation.framework; sourceTree = SDKROOT; };
		EBCF098619A42AFD004FC5D8 /* CoreGraphics.framework */ = {isa = PBXFileReference; lastKnownFileType = wrapper.framework; name = CoreGraphics.framework; path = System/Library/Frameworks/CoreGraphics.framework; sourceTree = SDKROOT; };
		EBCF098819A42AFD004FC5D8 /* UIKit.framework */ = {isa = PBXFileReference; lastKnownFileType = wrapper.framework; name = UIKit.framework; path = System/Library/Frameworks/UIKit.framework; sourceTree = SDKROOT; };
		EBCF098C19A42AFD004FC5D8 /* Success-Info.plist */ = {isa = PBXFileReference; lastKnownFileType = text.plist.xml; path = "Success-Info.plist"; sourceTree = "<group>"; };
		EBCF098E19A42AFD004FC5D8 /* en */ = {isa = PBXFileReference; lastKnownFileType = text.plist.strings; name = en; path = en.lproj/InfoPlist.strings; sourceTree = "<group>"; };
		EBCF099019A42AFD004FC5D8 /* main.m */ = {isa = PBXFileReference; lastKnownFileType = sourcecode.c.objc; path = main.m; sourceTree = "<group>"; };
		EBCF099219A42AFD004FC5D8 /* Success-Prefix.pch */ = {isa = PBXFileReference; lastKnownFileType = sourcecode.c.h; path = "Success-Prefix.pch"; sourceTree = "<group>"; };
		EBCF099319A42AFD004FC5D8 /* MainAppDelegate.h */ = {isa = PBXFileReference; lastKnownFileType = sourcecode.c.h; path = MainAppDelegate.h; sourceTree = "<group>"; };
		EBCF099419A42AFD004FC5D8 /* MainAppDelegate.m */ = {isa = PBXFileReference; lastKnownFileType = sourcecode.c.objc; path = MainAppDelegate.m; sourceTree = "<group>"; };
		EBCF099719A42AFD004FC5D8 /* Base */ = {isa = PBXFileReference; lastKnownFileType = file.storyboard; name = Base; path = Base.lproj/Main.storyboard; sourceTree = "<group>"; };
		EBCF099919A42AFD004FC5D8 /* MainViewController.h */ = {isa = PBXFileReference; lastKnownFileType = sourcecode.c.h; path = MainViewController.h; sourceTree = "<group>"; };
		EBCF099A19A42AFD004FC5D8 /* MainViewController.m */ = {isa = PBXFileReference; lastKnownFileType = sourcecode.c.objc; path = MainViewController.m; sourceTree = "<group>"; };
		EBCF099C19A42AFD004FC5D8 /* Images.xcassets */ = {isa = PBXFileReference; lastKnownFileType = folder.assetcatalog; path = Images.xcassets; sourceTree = "<group>"; };
		EBCF09A219A42AFD004FC5D8 /* SuccessTests.xctest */ = {isa = PBXFileReference; explicitFileType = wrapper.cfbundle; includeInIndex = 0; path = SuccessTests.xctest; sourceTree = BUILT_PRODUCTS_DIR; };
		EBCF09A319A42AFD004FC5D8 /* XCTest.framework */ = {isa = PBXFileReference; lastKnownFileType = wrapper.framework; name = XCTest.framework; path = Library/Frameworks/XCTest.framework; sourceTree = DEVELOPER_DIR; };
		EBCF09AB19A42AFD004FC5D8 /* SuccessTests-Info.plist */ = {isa = PBXFileReference; lastKnownFileType = text.plist.xml; path = "SuccessTests-Info.plist"; sourceTree = "<group>"; };
		EBCF09AD19A42AFD004FC5D8 /* en */ = {isa = PBXFileReference; lastKnownFileType = text.plist.strings; name = en; path = en.lproj/InfoPlist.strings; sourceTree = "<group>"; };
		EBCF09AF19A42AFD004FC5D8 /* SuccessTests.m */ = {isa = PBXFileReference; lastKnownFileType = sourcecode.c.objc; path = SuccessTests.m; sourceTree = "<group>"; };
/* End PBXFileReference section */

/* Begin PBXFrameworksBuildPhase section */
		EBCF097E19A42AFD004FC5D8 /* Frameworks */ = {
			isa = PBXFrameworksBuildPhase;
			buildActionMask = 2147483647;
			files = (
				EBCF098719A42AFD004FC5D8 /* CoreGraphics.framework in Frameworks */,
				EBCF098919A42AFD004FC5D8 /* UIKit.framework in Frameworks */,
				EBCF098519A42AFD004FC5D8 /* Foundation.framework in Frameworks */,
			);
			runOnlyForDeploymentPostprocessing = 0;
		};
		EBCF099F19A42AFD004FC5D8 /* Frameworks */ = {
			isa = PBXFrameworksBuildPhase;
			buildActionMask = 2147483647;
			files = (
				EBCF09A419A42AFD004FC5D8 /* XCTest.framework in Frameworks */,
				EBCF09A619A42AFD004FC5D8 /* UIKit.framework in Frameworks */,
				EBCF09A519A42AFD004FC5D8 /* Foundation.framework in Frameworks */,
			);
			runOnlyForDeploymentPostprocessing = 0;
		};
/* End PBXFrameworksBuildPhase section */

/* Begin PBXGroup section */
		EBCF097819A42AFD004FC5D8 = {
			isa = PBXGroup;
			children = (
				EBCF098A19A42AFD004FC5D8 /* Success */,
				EBCF09A919A42AFD004FC5D8 /* SuccessTests */,
				EBCF098319A42AFD004FC5D8 /* Frameworks */,
				EBCF098219A42AFD004FC5D8 /* Products */,
			);
			sourceTree = "<group>";
		};
		EBCF098219A42AFD004FC5D8 /* Products */ = {
			isa = PBXGroup;
			children = (
				EBCF098119A42AFD004FC5D8 /* Success.app */,
				EBCF09A219A42AFD004FC5D8 /* SuccessTests.xctest */,
			);
			name = Products;
			sourceTree = "<group>";
		};
		EBCF098319A42AFD004FC5D8 /* Frameworks */ = {
			isa = PBXGroup;
			children = (
				EBCF098419A42AFD004FC5D8 /* Foundation.framework */,
				EBCF098619A42AFD004FC5D8 /* CoreGraphics.framework */,
				EBCF098819A42AFD004FC5D8 /* UIKit.framework */,
				EBCF09A319A42AFD004FC5D8 /* XCTest.framework */,
			);
			name = Frameworks;
			sourceTree = "<group>";
		};
		EBCF098A19A42AFD004FC5D8 /* Success */ = {
			isa = PBXGroup;
			children = (
				EBCF099319A42AFD004FC5D8 /* MainAppDelegate.h */,
				EBCF099419A42AFD004FC5D8 /* MainAppDelegate.m */,
				EBCF099619A42AFD004FC5D8 /* Main.storyboard */,
				EBCF099919A42AFD004FC5D8 /* MainViewController.h */,
				EBCF099A19A42AFD004FC5D8 /* MainViewController.m */,
				EBCF099C19A42AFD004FC5D8 /* Images.xcassets */,
				EBCF098B19A42AFD004FC5D8 /* Supporting Files */,
			);
			path = Success;
			sourceTree = "<group>";
		};
		EBCF098B19A42AFD004FC5D8 /* Supporting Files */ = {
			isa = PBXGroup;
			children = (
				EBCF098C19A42AFD004FC5D8 /* Success-Info.plist */,
				EBCF098D19A42AFD004FC5D8 /* InfoPlist.strings */,
				EBCF099019A42AFD004FC5D8 /* main.m */,
				EBCF099219A42AFD004FC5D8 /* Success-Prefix.pch */,
			);
			name = "Supporting Files";
			sourceTree = "<group>";
		};
		EBCF09A919A42AFD004FC5D8 /* SuccessTests */ = {
			isa = PBXGroup;
			children = (
				EBCF09AF19A42AFD004FC5D8 /* SuccessTests.m */,
				EBCF09AA19A42AFD004FC5D8 /* Supporting Files */,
			);
			path = SuccessTests;
			sourceTree = "<group>";
		};
		EBCF09AA19A42AFD004FC5D8 /* Supporting Files */ = {
			isa = PBXGroup;
			children = (
				EBCF09AB19A42AFD004FC5D8 /* SuccessTests-Info.plist */,
				EBCF09AC19A42AFD004FC5D8 /* InfoPlist.strings */,
			);
			name = "Supporting Files";
			sourceTree = "<group>";
		};
/* End PBXGroup section */

/* Begin PBXNativeTarget section */
		EBCF098019A42AFD004FC5D8 /* Success */ = {
			isa = PBXNativeTarget;
			buildConfigurationList = EBCF09B319A42AFD004FC5D8 /* Build configuration list for PBXNativeTarget "Success" */;
			buildPhases = (
				EBCF097D19A42AFD004FC5D8 /* Sources */,
				EBCF097E19A42AFD004FC5D8 /* Frameworks */,
				EBCF097F19A42AFD004FC5D8 /* Resources */,
			);
			buildRules = (
			);
			dependencies = (
			);
			name = Success;
			productName = Success;
			productReference = EBCF098119A42AFD004FC5D8 /* Success.app */;
			productType = "com.apple.product-type.application";
		};
		EBCF09A119A42AFD004FC5D8 /* SuccessTests */ = {
			isa = PBXNativeTarget;
			buildConfigurationList = EBCF09B619A42AFD004FC5D8 /* Build configuration list for PBXNativeTarget "SuccessTests" */;
			buildPhases = (
				EBCF099E19A42AFD004FC5D8 /* Sources */,
				EBCF099F19A42AFD004FC5D8 /* Frameworks */,
				EBCF09A019A42AFD004FC5D8 /* Resources */,
			);
			buildRules = (
			);
			dependencies = (
				EBCF09A819A42AFD004FC5D8 /* PBXTargetDependency */,
			);
			name = SuccessTests;
			productName = SuccessTests;
			productReference = EBCF09A219A42AFD004FC5D8 /* SuccessTests.xctest */;
			productType = "com.apple.product-type.bundle.unit-test";
		};
/* End PBXNativeTarget section */

/* Begin PBXProject section */
		EBCF097919A42AFD004FC5D8 /* Project object */ = {
			isa = PBXProject;
			attributes = {
				CLASSPREFIX = Main;
				LastUpgradeCheck = 0510;
				ORGANIZATIONNAME = SpencerUttley;
				TargetAttributes = {
					EBCF09A119A42AFD004FC5D8 = {
						TestTargetID = EBCF098019A42AFD004FC5D8;
					};
				};
			};
			buildConfigurationList = EBCF097C19A42AFD004FC5D8 /* Build configuration list for PBXProject "Success" */;
			compatibilityVersion = "Xcode 3.2";
			developmentRegion = English;
			hasScannedForEncodings = 0;
			knownRegions = (
				en,
				Base,
			);
			mainGroup = EBCF097819A42AFD004FC5D8;
			productRefGroup = EBCF098219A42AFD004FC5D8 /* Products */;
			projectDirPath = "";
			projectRoot = "";
			targets = (
				EBCF098019A42AFD004FC5D8 /* Success */,
				EBCF09A119A42AFD004FC5D8 /* SuccessTests */,
			);
		};
/* End PBXProject section */

/* Begin PBXResourcesBuildPhase section */
		EBCF097F19A42AFD004FC5D8 /* Resources */ = {
			isa = PBXResourcesBuildPhase;
			buildActionMask = 2147483647;
			files = (
				EBCF099D19A42AFD004FC5D8 /* Images.xcassets in Resources */,
				EBCF098F19A42AFD004FC5D8 /* InfoPlist.strings in Resources */,
				EBCF099819A42AFD004FC5D8 /* Main.storyboard in Resources */,
			);
			runOnlyForDeploymentPostprocessing = 0;
		};
		EBCF09A019A42AFD004FC5D8 /* Resources */ = {
			isa = PBXResourcesBuildPhase;
			buildActionMask = 2147483647;
			files = (
				EBCF09AE19A42AFD004FC5D8 /* InfoPlist.strings in Resources */,
			);
			runOnlyForDeploymentPostprocessing = 0;
		};
/* End PBXResourcesBuildPhase section */

/* Begin PBXSourcesBuildPhase section */
		EBCF097D19A42AFD004FC5D8 /* Sources */ = {
			isa = PBXSourcesBuildPhase;
			buildActionMask = 2147483647;
			files = (
				EBCF099119A42AFD004FC5D8 /* main.m in Sources */,
				EBCF099B19A42AFD004FC5D8 /* MainViewController.m in Sources */,
				EBCF099519A42AFD004FC5D8 /* MainAppDelegate.m in Sources */,
			);
			runOnlyForDeploymentPostprocessing = 0;
		};
		EBCF099E19A42AFD004FC5D8 /* Sources */ = {
			isa = PBXSourcesBuildPhase;
			buildActionMask = 2147483647;
			files = (
				EBCF09B019A42AFD004FC5D8 /* SuccessTests.m in Sources */,
			);
			runOnlyForDeploymentPostprocessing = 0;
		};
/* End PBXSourcesBuildPhase section */

/* Begin PBXTargetDependency section */
		EBCF09A819A42AFD004FC5D8 /* PBXTargetDependency */ = {
			isa = PBXTargetDependency;
			target = EBCF098019A42AFD004FC5D8 /* Success */;
			targetProxy = EBCF09A719A42AFD004FC5D8 /* PBXContainerItemProxy */;
		};
/* End PBXTargetDependency section */

/* Begin PBXVariantGroup section */
		EBCF098D19A42AFD004FC5D8 /* InfoPlist.strings */ = {
			isa = PBXVariantGroup;
			children = (
				EBCF098E19A42AFD004FC5D8 /* en */,
			);
			name = InfoPlist.strings;
			sourceTree = "<group>";
		};
		EBCF099619A42AFD004FC5D8 /* Main.storyboard */ = {
			isa = PBXVariantGroup;
			children = (
				EBCF099719A42AFD004FC5D8 /* Base */,
			);
			name = Main.storyboard;
			sourceTree = "<group>";
		};
		EBCF09AC19A42AFD004FC5D8 /* InfoPlist.strings */ = {
			isa = PBXVariantGroup;
			children = (
				EBCF09AD19A42AFD004FC5D8 /* en */,
			);
			name = InfoPlist.strings;
			sourceTree = "<group>";
		};
/* End PBXVariantGroup section */

/* Begin XCBuildConfiguration section */
		EBCF09B119A42AFD004FC5D8 /* Debug */ = {
			isa = XCBuildConfiguration;
			buildSettings = {
				ALWAYS_SEARCH_USER_PATHS = NO;
				CLANG_CXX_LANGUAGE_STANDARD = "gnu++0x";
				CLANG_CXX_LIBRARY = "libc++";
				CLANG_ENABLE_MODULES = YES;
				CLANG_ENABLE_OBJC_ARC = YES;
				CLANG_WARN_BOOL_CONVERSION = YES;
				CLANG_WARN_CONSTANT_CONVERSION = YES;
				CLANG_WARN_DIRECT_OBJC_ISA_USAGE = YES_ERROR;
				CLANG_WARN_EMPTY_BODY = YES;
				CLANG_WARN_ENUM_CONVERSION = YES;
				CLANG_WARN_INT_CONVERSION = YES;
				CLANG_WARN_OBJC_ROOT_CLASS = YES_ERROR;
				CLANG_WARN__DUPLICATE_METHOD_MATCH = YES;
				"CODE_SIGN_IDENTITY[sdk=iphoneos*]" = "iPhone Developer";
				COPY_PHASE_STRIP = NO;
				GCC_C_LANGUAGE_STANDARD = gnu99;
				GCC_DYNAMIC_NO_PIC = NO;
				GCC_OPTIMIZATION_LEVEL = 0;
				GCC_PREPROCESSOR_DEFINITIONS = (
					"DEBUG=1",
					"$(inherited)",
				);
				GCC_SYMBOLS_PRIVATE_EXTERN = NO;
				GCC_WARN_64_TO_32_BIT_CONVERSION = YES;
				GCC_WARN_ABOUT_RETURN_TYPE = YES_ERROR;
				GCC_WARN_UNDECLARED_SELECTOR = YES;
				GCC_WARN_UNINITIALIZED_AUTOS = YES_AGGRESSIVE;
				GCC_WARN_UNUSED_FUNCTION = YES;
				GCC_WARN_UNUSED_VARIABLE = YES;
				IPHONEOS_DEPLOYMENT_TARGET = 7.1;
				ONLY_ACTIVE_ARCH = YES;
				SDKROOT = iphoneos;
			};
			name = Debug;
		};
		EBCF09B219A42AFD004FC5D8 /* Release */ = {
			isa = XCBuildConfiguration;
			buildSettings = {
				ALWAYS_SEARCH_USER_PATHS = NO;
				CLANG_CXX_LANGUAGE_STANDARD = "gnu++0x";
				CLANG_CXX_LIBRARY = "libc++";
				CLANG_ENABLE_MODULES = YES;
				CLANG_ENABLE_OBJC_ARC = YES;
				CLANG_WARN_BOOL_CONVERSION = YES;
				CLANG_WARN_CONSTANT_CONVERSION = YES;
				CLANG_WARN_DIRECT_OBJC_ISA_USAGE = YES_ERROR;
				CLANG_WARN_EMPTY_BODY = YES;
				CLANG_WARN_ENUM_CONVERSION = YES;
				CLANG_WARN_INT_CONVERSION = YES;
				CLANG_WARN_OBJC_ROOT_CLASS = YES_ERROR;
				CLANG_WARN__DUPLICATE_METHOD_MATCH = YES;
				"CODE_SIGN_IDENTITY[sdk=iphoneos*]" = "iPhone Developer";
				COPY_PHASE_STRIP = YES;
				ENABLE_NS_ASSERTIONS = NO;
				GCC_C_LANGUAGE_STANDARD = gnu99;
				GCC_WARN_64_TO_32_BIT_CONVERSION = YES;
				GCC_WARN_ABOUT_RETURN_TYPE = YES_ERROR;
				GCC_WARN_UNDECLARED_SELECTOR = YES;
				GCC_WARN_UNINITIALIZED_AUTOS = YES_AGGRESSIVE;
				GCC_WARN_UNUSED_FUNCTION = YES;
				GCC_WARN_UNUSED_VARIABLE = YES;
				IPHONEOS_DEPLOYMENT_TARGET = 7.1;
				SDKROOT = iphoneos;
				VALIDATE_PRODUCT = YES;
			};
			name = Release;
		};
		EBCF09B419A42AFD004FC5D8 /* Debug */ = {
			isa = XCBuildConfiguration;
			buildSettings = {
				ASSETCATALOG_COMPILER_APPICON_NAME = AppIcon;
				ASSETCATALOG_COMPILER_LAUNCHIMAGE_NAME = LaunchImage;
				GCC_PRECOMPILE_PREFIX_HEADER = YES;
				GCC_PREFIX_HEADER = "Success/Success-Prefix.pch";
				INFOPLIST_FILE = "Success/Success-Info.plist";
				PRODUCT_NAME = "$(TARGET_NAME)";
				WRAPPER_EXTENSION = app;
			};
			name = Debug;
		};
		EBCF09B519A42AFD004FC5D8 /* Release */ = {
			isa = XCBuildConfiguration;
			buildSettings = {
				ASSETCATALOG_COMPILER_APPICON_NAME = AppIcon;
				ASSETCATALOG_COMPILER_LAUNCHIMAGE_NAME = LaunchImage;
				GCC_PRECOMPILE_PREFIX_HEADER = YES;
				GCC_PREFIX_HEADER = "Success/Success-Prefix.pch";
				INFOPLIST_FILE = "Success/Success-Info.plist";
				PRODUCT_NAME = "$(TARGET_NAME)";
				WRAPPER_EXTENSION = app;
			};
			name = Release;
		};
		EBCF09B719A42AFD004FC5D8 /* Debug */ = {
			isa = XCBuildConfiguration;
			buildSettings = {
				BUNDLE_LOADER = "$(BUILT_PRODUCTS_DIR)/Success.app/Success";
				FRAMEWORK_SEARCH_PATHS = (
					"$(SDKROOT)/Developer/Library/Frameworks",
					"$(inherited)",
					"$(DEVELOPER_FRAMEWORKS_DIR)",
				);
				GCC_PRECOMPILE_PREFIX_HEADER = YES;
				GCC_PREFIX_HEADER = "Success/Success-Prefix.pch";
				GCC_PREPROCESSOR_DEFINITIONS = (
					"DEBUG=1",
					"$(inherited)",
				);
				INFOPLIST_FILE = "SuccessTests/SuccessTests-Info.plist";
				PRODUCT_NAME = "$(TARGET_NAME)";
				TEST_HOST = "$(BUNDLE_LOADER)";
				WRAPPER_EXTENSION = xctest;
			};
			name = Debug;
		};
		EBCF09B819A42AFD004FC5D8 /* Release */ = {
			isa = XCBuildConfiguration;
			buildSettings = {
				BUNDLE_LOADER = "$(BUILT_PRODUCTS_DIR)/Success.app/Success";
				FRAMEWORK_SEARCH_PATHS = (
					"$(SDKROOT)/Developer/Library/Frameworks",
					"$(inherited)",
					"$(DEVELOPER_FRAMEWORKS_DIR)",
				);
				GCC_PRECOMPILE_PREFIX_HEADER = YES;
				GCC_PREFIX_HEADER = "Success/Success-Prefix.pch";
				INFOPLIST_FILE = "SuccessTests/SuccessTests-Info.plist";
				PRODUCT_NAME = "$(TARGET_NAME)";
				TEST_HOST = "$(BUNDLE_LOADER)";
				WRAPPER_EXTENSION = xctest;
			};
			name = Release;
		};
/* End XCBuildConfiguration section */

/* Begin XCConfigurationList section */
		EBCF097C19A42AFD004FC5D8 /* Build configuration list for PBXProject "Success" */ = {
			isa = XCConfigurationList;
			buildConfigurations = (
				EBCF09B119A42AFD004FC5D8 /* Debug */,
				EBCF09B219A42AFD004FC5D8 /* Release */,
			);
			defaultConfigurationIsVisible = 0;
			defaultConfigurationName = Release;
		};
		EBCF09B319A42AFD004FC5D8 /* Build configuration list for PBXNativeTarget "Success" */ = {
			isa = XCConfigurationList;
			buildConfigurations = (
				EBCF09B419A42AFD004FC5D8 /* Debug */,
				EBCF09B519A42AFD004FC5D8 /* Release */,
			);
			defaultConfigurationIsVisible = 0;
		};
		EBCF09B619A42AFD004FC5D8 /* Build configuration list for PBXNativeTarget "SuccessTests" */ = {
			isa = XCConfigurationList;
			buildConfigurations = (
				EBCF09B719A42AFD004FC5D8 /* Debug */,
				EBCF09B819A42AFD004FC5D8 /* Release */,
			);
			defaultConfigurationIsVisible = 0;
		};
/* End XCConfigurationList section */
	};
	rootObject = EBCF097919A42AFD004FC5D8 /* Project object */;
}
